
Microsoft Visual Studio Solution File, Format Version 12.00
# Visual Studio Version 16
VisualStudioVersion = 16.0.30804.86
MinimumVisualStudioVersion = 10.0.40219.1
Project("{FAE04EC0-301F-11D3-BF4B-00C04F79EFBC}") = "quanta-mandioca", "quanta-mandioca\quanta-mandioca.csproj", "{471D5715-EFE3-4E64-BC9B-159439645D7E}"
EndProject
Global
	GlobalSection(SolutionConfigurationPlatforms) = preSolution
		Debug|Any CPU = Debug|Any CPU
		Release|Any CPU = Release|Any CPU
	EndGlobalSection
	GlobalSection(ProjectConfigurationPlatforms) = postSolution
		{471D5715-EFE3-4E64-BC9B-159439645D7E}.Debug|Any CPU.ActiveCfg = Debug|Any CPU
		{471D5715-EFE3-4E64-BC9B-159439645D7E}.Debug|Any CPU.Build.0 = Debug|Any CPU
		{471D5715-EFE3-4E64-BC9B-159439645D7E}.Release|Any CPU.ActiveCfg = Release|Any CPU
		{471D5715-EFE3-4E64-BC9B-159439645D7E}.Release|Any CPU.Build.0 = Release|Any CPU
	EndGlobalSection
	GlobalSection(SolutionProperties) = preSolution
		HideSolutionNode = FALSE
	EndGlobalSection
	GlobalSection(ExtensibilityGlobals) = postSolution
		SolutionGuid = {41A78917-2B04-4DB1-A41F-AEA23F9296D0}
	EndGlobalSection
EndGlobal
