
Microsoft Visual Studio Solution File, Format Version 12.00
# Visual Studio Version 16
VisualStudioVersion = 16.0.30804.86
MinimumVisualStudioVersion = 10.0.40219.1
Project("{FAE04EC0-301F-11D3-BF4B-00C04F79EFBC}") = "programa-para-validacao-de-notas", "programa-para-validacao-de-notas\programa-para-validacao-de-notas.csproj", "{232EE38C-263D-4297-97C8-FDB705881181}"
EndProject
Global
	GlobalSection(SolutionConfigurationPlatforms) = preSolution
		Debug|Any CPU = Debug|Any CPU
		Release|Any CPU = Release|Any CPU
	EndGlobalSection
	GlobalSection(ProjectConfigurationPlatforms) = postSolution
		{232EE38C-263D-4297-97C8-FDB705881181}.Debug|Any CPU.ActiveCfg = Debug|Any CPU
		{232EE38C-263D-4297-97C8-FDB705881181}.Debug|Any CPU.Build.0 = Debug|Any CPU
		{232EE38C-263D-4297-97C8-FDB705881181}.Release|Any CPU.ActiveCfg = Release|Any CPU
		{232EE38C-263D-4297-97C8-FDB705881181}.Release|Any CPU.Build.0 = Release|Any CPU
	EndGlobalSection
	GlobalSection(SolutionProperties) = preSolution
		HideSolutionNode = FALSE
	EndGlobalSection
	GlobalSection(ExtensibilityGlobals) = postSolution
		SolutionGuid = {8D7A1BE7-85C5-4C66-A6DB-EFC028B8744C}
	EndGlobalSection
EndGlobal
