
Microsoft Visual Studio Solution File, Format Version 12.00
# Visual Studio Version 16
VisualStudioVersion = 16.0.30804.86
MinimumVisualStudioVersion = 10.0.40219.1
Project("{FAE04EC0-301F-11D3-BF4B-00C04F79EFBC}") = "api-transferencia-bancaria", "api-transferencia-bancaria\api-transferencia-bancaria.csproj", "{C67A27AB-B26E-4723-8A64-7240150C5C7B}"
EndProject
Global
	GlobalSection(SolutionConfigurationPlatforms) = preSolution
		Debug|Any CPU = Debug|Any CPU
		Release|Any CPU = Release|Any CPU
	EndGlobalSection
	GlobalSection(ProjectConfigurationPlatforms) = postSolution
		{C67A27AB-B26E-4723-8A64-7240150C5C7B}.Debug|Any CPU.ActiveCfg = Debug|Any CPU
		{C67A27AB-B26E-4723-8A64-7240150C5C7B}.Debug|Any CPU.Build.0 = Debug|Any CPU
		{C67A27AB-B26E-4723-8A64-7240150C5C7B}.Release|Any CPU.ActiveCfg = Release|Any CPU
		{C67A27AB-B26E-4723-8A64-7240150C5C7B}.Release|Any CPU.Build.0 = Release|Any CPU
	EndGlobalSection
	GlobalSection(SolutionProperties) = preSolution
		HideSolutionNode = FALSE
	EndGlobalSection
	GlobalSection(ExtensibilityGlobals) = postSolution
		SolutionGuid = {40B75943-879D-4396-8F69-D11351A1D72C}
	EndGlobalSection
EndGlobal
